
Microsoft Visual Studio Solution File, Format Version 12.00
# Visual Studio 15
VisualStudioVersion = 15.0.27130.2003
MinimumVisualStudioVersion = 10.0.40219.1
Project("{FAE04EC0-301F-11D3-BF4B-00C04F79EFBC}") = "Tamga", "Tamga\Tamga.csproj", "{389635B3-32ED-4481-BC8F-2D9CB24FEC11}"
EndProject
Project("{FAE04EC0-301F-11D3-BF4B-00C04F79EFBC}") = "DB", "DB\DB.csproj", "{C398BF40-1461-445B-B093-E8A486CABDED}"
EndProject
Global
	GlobalSection(SolutionConfigurationPlatforms) = preSolution
		Debug|Any CPU = Debug|Any CPU
		Release|Any CPU = Release|Any CPU
	EndGlobalSection
	GlobalSection(ProjectConfigurationPlatforms) = postSolution
		{389635B3-32ED-4481-BC8F-2D9CB24FEC11}.Debug|Any CPU.ActiveCfg = Debug|Any CPU
		{389635B3-32ED-4481-BC8F-2D9CB24FEC11}.Debug|Any CPU.Build.0 = Debug|Any CPU
		{389635B3-32ED-4481-BC8F-2D9CB24FEC11}.Release|Any CPU.ActiveCfg = Release|Any CPU
		{389635B3-32ED-4481-BC8F-2D9CB24FEC11}.Release|Any CPU.Build.0 = Release|Any CPU
		{C398BF40-1461-445B-B093-E8A486CABDED}.Debug|Any CPU.ActiveCfg = Debug|Any CPU
		{C398BF40-1461-445B-B093-E8A486CABDED}.Debug|Any CPU.Build.0 = Debug|Any CPU
		{C398BF40-1461-445B-B093-E8A486CABDED}.Release|Any CPU.ActiveCfg = Release|Any CPU
		{C398BF40-1461-445B-B093-E8A486CABDED}.Release|Any CPU.Build.0 = Release|Any CPU
	EndGlobalSection
	GlobalSection(SolutionProperties) = preSolution
		HideSolutionNode = FALSE
	EndGlobalSection
	GlobalSection(ExtensibilityGlobals) = postSolution
		SolutionGuid = {B4B9A044-2225-4A2C-9234-5B13D8AF5D3E}
	EndGlobalSection
EndGlobal
